
Microsoft Visual Studio Solution File, Format Version 12.00
# Visual Studio 15
VisualStudioVersion = 15.0.27130.2020
MinimumVisualStudioVersion = 10.0.40219.1
Project("{8BC9CEB8-8B4A-11D0-8D11-00A0C91BC942}") = "Stack", "Stack\Stack.vcxproj", "{54D89E78-434A-4C79-93C2-1CEDBE2A256E}"
EndProject
Global
	GlobalSection(SolutionConfigurationPlatforms) = preSolution
		Debug|x64 = Debug|x64
		Debug|x86 = Debug|x86
		Release|x64 = Release|x64
		Release|x86 = Release|x86
	EndGlobalSection
	GlobalSection(ProjectConfigurationPlatforms) = postSolution
		{54D89E78-434A-4C79-93C2-1CEDBE2A256E}.Debug|x64.ActiveCfg = Debug|x64
		{54D89E78-434A-4C79-93C2-1CEDBE2A256E}.Debug|x64.Build.0 = Debug|x64
		{54D89E78-434A-4C79-93C2-1CEDBE2A256E}.Debug|x86.ActiveCfg = Debug|Win32
		{54D89E78-434A-4C79-93C2-1CEDBE2A256E}.Debug|x86.Build.0 = Debug|Win32
		{54D89E78-434A-4C79-93C2-1CEDBE2A256E}.Release|x64.ActiveCfg = Release|x64
		{54D89E78-434A-4C79-93C2-1CEDBE2A256E}.Release|x64.Build.0 = Release|x64
		{54D89E78-434A-4C79-93C2-1CEDBE2A256E}.Release|x86.ActiveCfg = Release|Win32
		{54D89E78-434A-4C79-93C2-1CEDBE2A256E}.Release|x86.Build.0 = Release|Win32
	EndGlobalSection
	GlobalSection(SolutionProperties) = preSolution
		HideSolutionNode = FALSE
	EndGlobalSection
	GlobalSection(ExtensibilityGlobals) = postSolution
		SolutionGuid = {D003F5E8-3CCE-495E-B565-C06E8EB53D27}
	EndGlobalSection
EndGlobal
